
Microsoft Visual Studio Solution File, Format Version 12.00
# Visual Studio 15
VisualStudioVersion = 15.0.26730.8
MinimumVisualStudioVersion = 10.0.40219.1
Project("{9A19103F-16F7-4668-BE54-9A1E7A4F7556}") = "Web", "Web\Web.csproj", "{5FCFBB83-4468-4310-9EDD-15B52403BDB7}"
EndProject
Project("{2150E333-8FDC-42A3-9474-1A3956D46DE8}") = "Solution Items", "Solution Items", "{ED3B725E-D040-4D2A-B044-E217CF580380}"
	ProjectSection(SolutionItems) = preProject
		CHANGELOG.MD = CHANGELOG.MD
		README-ANGULAR4AND5.MD = README-ANGULAR4AND5.MD
		README.MD = README.MD
	EndProjectSection
EndProject
Global
	GlobalSection(SolutionConfigurationPlatforms) = preSolution
		Debug|Any CPU = Debug|Any CPU
		Release|Any CPU = Release|Any CPU
	EndGlobalSection
	GlobalSection(ProjectConfigurationPlatforms) = postSolution
		{5FCFBB83-4468-4310-9EDD-15B52403BDB7}.Debug|Any CPU.ActiveCfg = Debug|Any CPU
		{5FCFBB83-4468-4310-9EDD-15B52403BDB7}.Debug|Any CPU.Build.0 = Debug|Any CPU
		{5FCFBB83-4468-4310-9EDD-15B52403BDB7}.Release|Any CPU.ActiveCfg = Release|Any CPU
		{5FCFBB83-4468-4310-9EDD-15B52403BDB7}.Release|Any CPU.Build.0 = Release|Any CPU
	EndGlobalSection
	GlobalSection(SolutionProperties) = preSolution
		HideSolutionNode = FALSE
	EndGlobalSection
	GlobalSection(ExtensibilityGlobals) = postSolution
		SolutionGuid = {43FC55D8-648A-4D75-AA9C-E0CC7B2E44E2}
	EndGlobalSection
EndGlobal
